// !$*UTF8*$!
{
	archiveVersion = 1;
	classes = {
	};
	objectVersion = 70;
	objects = {

/* Begin PBXContainerItemProxy section */
		8DD1D7822D1465AC0042BF13 /* PBXContainerItemProxy */ = {
			isa = PBXContainerItemProxy;
			containerPortal = 8D1EB3522BAA29D100285053 /* Project object */;
			proxyType = 1;
			remoteGlobalIDString = 8D1EB3592BAA29D100285053;
			remoteInfo = HealthyFoodRecipe;
		};
/* End PBXContainerItemProxy section */

/* Begin PBXFileReference section */
		8D1EB35A2BAA29D100285053 /* HealthyFoodRecipe.app */ = {isa = PBXFileReference; explicitFileType = wrapper.application; includeInIndex = 0; path = HealthyFoodRecipe.app; sourceTree = BUILT_PRODUCTS_DIR; };
		8D1EB37F2BAB76BD00285053 /* HealthyFoodRecipe.entitlements */ = {isa = PBXFileReference; lastKnownFileType = text.plist.entitlements; path = HealthyFoodRecipe.entitlements; sourceTree = "<group>"; };
		8DD1D77E2D1465AB0042BF13 /* HealthyFoodRecipeTests.xctest */ = {isa = PBXFileReference; explicitFileType = wrapper.cfbundle; includeInIndex = 0; path = HealthyFoodRecipeTests.xctest; sourceTree = BUILT_PRODUCTS_DIR; };
/* End PBXFileReference section */

/* Begin PBXFileSystemSynchronizedBuildFileExceptionSet section */
		8D0871C02D44076B00E44FBE /* PBXFileSystemSynchronizedBuildFileExceptionSet */ = {
			isa = PBXFileSystemSynchronizedBuildFileExceptionSet;
			membershipExceptions = (
				Info.plist,
			);
			target = 8D1EB3592BAA29D100285053 /* HealthyFoodRecipe */;
		};
/* End PBXFileSystemSynchronizedBuildFileExceptionSet section */

/* Begin PBXFileSystemSynchronizedRootGroup section */
		8D08712F2D44048F00E44FBE /* HealthyFoodRecipe */ = {isa = PBXFileSystemSynchronizedRootGroup; exceptions = (8D0871C02D44076B00E44FBE /* PBXFileSystemSynchronizedBuildFileExceptionSet */, ); explicitFileTypes = {}; explicitFolders = (); path = HealthyFoodRecipe; sourceTree = "<group>"; };
		8DD1D77F2D1465AC0042BF13 /* HealthyFoodRecipeTests */ = {isa = PBXFileSystemSynchronizedRootGroup; explicitFileTypes = {}; explicitFolders = (); path = HealthyFoodRecipeTests; sourceTree = "<group>"; };
/* End PBXFileSystemSynchronizedRootGroup section */

/* Begin PBXFrameworksBuildPhase section */
		8D1EB3572BAA29D100285053 /* Frameworks */ = {
			isa = PBXFrameworksBuildPhase;
			buildActionMask = 2147483647;
			files = (
			);
			runOnlyForDeploymentPostprocessing = 0;
		};
		8DD1D77B2D1465AB0042BF13 /* Frameworks */ = {
			isa = PBXFrameworksBuildPhase;
			buildActionMask = 2147483647;
			files = (
			);
			runOnlyForDeploymentPostprocessing = 0;
		};
/* End PBXFrameworksBuildPhase section */

/* Begin PBXGroup section */
		8D1EB3512BAA29D100285053 = {
			isa = PBXGroup;
			children = (
				8D08712F2D44048F00E44FBE /* HealthyFoodRecipe */,
				8D1EB37F2BAB76BD00285053 /* HealthyFoodRecipe.entitlements */,
				8DD1D77F2D1465AC0042BF13 /* HealthyFoodRecipeTests */,
				8D1EB35B2BAA29D100285053 /* Products */,
			);
			sourceTree = "<group>";
		};
		8D1EB35B2BAA29D100285053 /* Products */ = {
			isa = PBXGroup;
			children = (
				8D1EB35A2BAA29D100285053 /* HealthyFoodRecipe.app */,
				8DD1D77E2D1465AB0042BF13 /* HealthyFoodRecipeTests.xctest */,
			);
			name = Products;
			sourceTree = "<group>";
		};
/* End PBXGroup section */

/* Begin PBXNativeTarget section */
		8D1EB3592BAA29D100285053 /* HealthyFoodRecipe */ = {
			isa = PBXNativeTarget;
			buildConfigurationList = 8D1EB36A2BAA29D800285053 /* Build configuration list for PBXNativeTarget "HealthyFoodRecipe" */;
			buildPhases = (
				8D1EB3562BAA29D100285053 /* Sources */,
				8D1EB3572BAA29D100285053 /* Frameworks */,
				8D1EB3582BAA29D100285053 /* Resources */,
			);
			buildRules = (
			);
			dependencies = (
			);
			fileSystemSynchronizedGroups = (
				8D08712F2D44048F00E44FBE /* HealthyFoodRecipe */,
			);
			name = HealthyFoodRecipe;
			productName = HealthFoodRecipe;
			productReference = 8D1EB35A2BAA29D100285053 /* HealthyFoodRecipe.app */;
			productType = "com.apple.product-type.application";
		};
		8DD1D77D2D1465AB0042BF13 /* HealthyFoodRecipeTests */ = {
			isa = PBXNativeTarget;
			buildConfigurationList = 8DD1D7842D1465AC0042BF13 /* Build configuration list for PBXNativeTarget "HealthyFoodRecipeTests" */;
			buildPhases = (
				8DD1D77A2D1465AB0042BF13 /* Sources */,
				8DD1D77B2D1465AB0042BF13 /* Frameworks */,
				8DD1D77C2D1465AB0042BF13 /* Resources */,
			);
			buildRules = (
			);
			dependencies = (
				8DD1D7832D1465AC0042BF13 /* PBXTargetDependency */,
			);
			fileSystemSynchronizedGroups = (
				8DD1D77F2D1465AC0042BF13 /* HealthyFoodRecipeTests */,
			);
			name = HealthyFoodRecipeTests;
			packageProductDependencies = (
			);
			productName = HealthyFoodRecipeTests;
			productReference = 8DD1D77E2D1465AB0042BF13 /* HealthyFoodRecipeTests.xctest */;
			productType = "com.apple.product-type.bundle.unit-test";
		};
/* End PBXNativeTarget section */

/* Begin PBXProject section */
		8D1EB3522BAA29D100285053 /* Project object */ = {
			isa = PBXProject;
			attributes = {
				BuildIndependentTargetsInParallel = 1;
				LastSwiftUpdateCheck = 1620;
				LastUpgradeCheck = 1530;
				TargetAttributes = {
					8D1EB3592BAA29D100285053 = {
						CreatedOnToolsVersion = 15.3;
					};
					8DD1D77D2D1465AB0042BF13 = {
						CreatedOnToolsVersion = 16.2;
						TestTargetID = 8D1EB3592BAA29D100285053;
					};
				};
			};
			buildConfigurationList = 8D1EB3552BAA29D100285053 /* Build configuration list for PBXProject "HealthyFoodRecipe" */;
			compatibilityVersion = "Xcode 14.0";
			developmentRegion = en;
			hasScannedForEncodings = 0;
			knownRegions = (
				en,
				Base,
			);
			mainGroup = 8D1EB3512BAA29D100285053;
			productRefGroup = 8D1EB35B2BAA29D100285053 /* Products */;
			projectDirPath = "";
			projectRoot = "";
			targets = (
				8D1EB3592BAA29D100285053 /* HealthyFoodRecipe */,
				8DD1D77D2D1465AB0042BF13 /* HealthyFoodRecipeTests */,
			);
		};
/* End PBXProject section */

/* Begin PBXResourcesBuildPhase section */
		8D1EB3582BAA29D100285053 /* Resources */ = {
			isa = PBXResourcesBuildPhase;
			buildActionMask = 2147483647;
			files = (
			);
			runOnlyForDeploymentPostprocessing = 0;
		};
		8DD1D77C2D1465AB0042BF13 /* Resources */ = {
			isa = PBXResourcesBuildPhase;
			buildActionMask = 2147483647;
			files = (
			);
			runOnlyForDeploymentPostprocessing = 0;
		};
/* End PBXResourcesBuildPhase section */

/* Begin PBXSourcesBuildPhase section */
		8D1EB3562BAA29D100285053 /* Sources */ = {
			isa = PBXSourcesBuildPhase;
			buildActionMask = 2147483647;
			files = (
			);
			runOnlyForDeploymentPostprocessing = 0;
		};
		8DD1D77A2D1465AB0042BF13 /* Sources */ = {
			isa = PBXSourcesBuildPhase;
			buildActionMask = 2147483647;
			files = (
			);
			runOnlyForDeploymentPostprocessing = 0;
		};
/* End PBXSourcesBuildPhase section */

/* Begin PBXTargetDependency section */
		8DD1D7832D1465AC0042BF13 /* PBXTargetDependency */ = {
			isa = PBXTargetDependency;
			target = 8D1EB3592BAA29D100285053 /* HealthyFoodRecipe */;
			targetProxy = 8DD1D7822D1465AC0042BF13 /* PBXContainerItemProxy */;
		};
/* End PBXTargetDependency section */

/* Begin XCBuildConfiguration section */
		8D1EB3682BAA29D800285053 /* Debug */ = {
			isa = XCBuildConfiguration;
			buildSettings = {
				ALWAYS_SEARCH_USER_PATHS = NO;
				ASSETCATALOG_COMPILER_GENERATE_SWIFT_ASSET_SYMBOL_EXTENSIONS = YES;
				CLANG_ANALYZER_NONNULL = YES;
				CLANG_ANALYZER_NUMBER_OBJECT_CONVERSION = YES_AGGRESSIVE;
				CLANG_CXX_LANGUAGE_STANDARD = "gnu++20";
				CLANG_ENABLE_MODULES = YES;
				CLANG_ENABLE_OBJC_ARC = YES;
				CLANG_ENABLE_OBJC_WEAK = YES;
				CLANG_WARN_BLOCK_CAPTURE_AUTORELEASING = YES;
				CLANG_WARN_BOOL_CONVERSION = YES;
				CLANG_WARN_COMMA = YES;
				CLANG_WARN_CONSTANT_CONVERSION = YES;
				CLANG_WARN_DEPRECATED_OBJC_IMPLEMENTATIONS = YES;
				CLANG_WARN_DIRECT_OBJC_ISA_USAGE = YES_ERROR;
				CLANG_WARN_DOCUMENTATION_COMMENTS = YES;
				CLANG_WARN_EMPTY_BODY = YES;
				CLANG_WARN_ENUM_CONVERSION = YES;
				CLANG_WARN_INFINITE_RECURSION = YES;
				CLANG_WARN_INT_CONVERSION = YES;
				CLANG_WARN_NON_LITERAL_NULL_CONVERSION = YES;
				CLANG_WARN_OBJC_IMPLICIT_RETAIN_SELF = YES;
				CLANG_WARN_OBJC_LITERAL_CONVERSION = YES;
				CLANG_WARN_OBJC_ROOT_CLASS = YES_ERROR;
				CLANG_WARN_QUOTED_INCLUDE_IN_FRAMEWORK_HEADER = YES;
				CLANG_WARN_RANGE_LOOP_ANALYSIS = YES;
				CLANG_WARN_STRICT_PROTOTYPES = YES;
				CLANG_WARN_SUSPICIOUS_MOVE = YES;
				CLANG_WARN_UNGUARDED_AVAILABILITY = YES_AGGRESSIVE;
				CLANG_WARN_UNREACHABLE_CODE = YES;
				CLANG_WARN__DUPLICATE_METHOD_MATCH = YES;
				COPY_PHASE_STRIP = NO;
				DEBUG_INFORMATION_FORMAT = dwarf;
				ENABLE_STRICT_OBJC_MSGSEND = YES;
				ENABLE_TESTABILITY = YES;
				ENABLE_USER_SCRIPT_SANDBOXING = YES;
				GCC_C_LANGUAGE_STANDARD = gnu17;
				GCC_DYNAMIC_NO_PIC = NO;
				GCC_NO_COMMON_BLOCKS = YES;
				GCC_OPTIMIZATION_LEVEL = 0;
				GCC_PREPROCESSOR_DEFINITIONS = (
					"DEBUG=1",
					"$(inherited)",
				);
				GCC_WARN_64_TO_32_BIT_CONVERSION = YES;
				GCC_WARN_ABOUT_RETURN_TYPE = YES_ERROR;
				GCC_WARN_UNDECLARED_SELECTOR = YES;
				GCC_WARN_UNINITIALIZED_AUTOS = YES_AGGRESSIVE;
				GCC_WARN_UNUSED_FUNCTION = YES;
				GCC_WARN_UNUSED_VARIABLE = YES;
				IPHONEOS_DEPLOYMENT_TARGET = 17.4;
				LOCALIZATION_PREFERS_STRING_CATALOGS = YES;
				MTL_ENABLE_DEBUG_INFO = INCLUDE_SOURCE;
				MTL_FAST_MATH = YES;
				ONLY_ACTIVE_ARCH = YES;
				SDKROOT = iphoneos;
				SWIFT_ACTIVE_COMPILATION_CONDITIONS = "DEBUG $(inherited)";
				SWIFT_OPTIMIZATION_LEVEL = "-Onone";
			};
			name = Debug;
		};
		8D1EB3692BAA29D800285053 /* Release */ = {
			isa = XCBuildConfiguration;
			buildSettings = {
				ALWAYS_SEARCH_USER_PATHS = NO;
				ASSETCATALOG_COMPILER_GENERATE_SWIFT_ASSET_SYMBOL_EXTENSIONS = YES;
				CLANG_ANALYZER_NONNULL = YES;
				CLANG_ANALYZER_NUMBER_OBJECT_CONVERSION = YES_AGGRESSIVE;
				CLANG_CXX_LANGUAGE_STANDARD = "gnu++20";
				CLANG_ENABLE_MODULES = YES;
				CLANG_ENABLE_OBJC_ARC = YES;
				CLANG_ENABLE_OBJC_WEAK = YES;
				CLANG_WARN_BLOCK_CAPTURE_AUTORELEASING = YES;
				CLANG_WARN_BOOL_CONVERSION = YES;
				CLANG_WARN_COMMA = YES;
				CLANG_WARN_CONSTANT_CONVERSION = YES;
				CLANG_WARN_DEPRECATED_OBJC_IMPLEMENTATIONS = YES;
				CLANG_WARN_DIRECT_OBJC_ISA_USAGE = YES_ERROR;
				CLANG_WARN_DOCUMENTATION_COMMENTS = YES;
				CLANG_WARN_EMPTY_BODY = YES;
				CLANG_WARN_ENUM_CONVERSION = YES;
				CLANG_WARN_INFINITE_RECURSION = YES;
				CLANG_WARN_INT_CONVERSION = YES;
				CLANG_WARN_NON_LITERAL_NULL_CONVERSION = YES;
				CLANG_WARN_OBJC_IMPLICIT_RETAIN_SELF = YES;
				CLANG_WARN_OBJC_LITERAL_CONVERSION = YES;
				CLANG_WARN_OBJC_ROOT_CLASS = YES_ERROR;
				CLANG_WARN_QUOTED_INCLUDE_IN_FRAMEWORK_HEADER = YES;
				CLANG_WARN_RANGE_LOOP_ANALYSIS = YES;
				CLANG_WARN_STRICT_PROTOTYPES = YES;
				CLANG_WARN_SUSPICIOUS_MOVE = YES;
				CLANG_WARN_UNGUARDED_AVAILABILITY = YES_AGGRESSIVE;
				CLANG_WARN_UNREACHABLE_CODE = YES;
				CLANG_WARN__DUPLICATE_METHOD_MATCH = YES;
				COPY_PHASE_STRIP = NO;
				DEBUG_INFORMATION_FORMAT = "dwarf-with-dsym";
				ENABLE_NS_ASSERTIONS = NO;
				ENABLE_STRICT_OBJC_MSGSEND = YES;
				ENABLE_USER_SCRIPT_SANDBOXING = YES;
				GCC_C_LANGUAGE_STANDARD = gnu17;
				GCC_NO_COMMON_BLOCKS = YES;
				GCC_WARN_64_TO_32_BIT_CONVERSION = YES;
				GCC_WARN_ABOUT_RETURN_TYPE = YES_ERROR;
				GCC_WARN_UNDECLARED_SELECTOR = YES;
				GCC_WARN_UNINITIALIZED_AUTOS = YES_AGGRESSIVE;
				GCC_WARN_UNUSED_FUNCTION = YES;
				GCC_WARN_UNUSED_VARIABLE = YES;
				IPHONEOS_DEPLOYMENT_TARGET = 17.4;
				LOCALIZATION_PREFERS_STRING_CATALOGS = YES;
				MTL_ENABLE_DEBUG_INFO = NO;
				MTL_FAST_MATH = YES;
				SDKROOT = iphoneos;
				SWIFT_COMPILATION_MODE = wholemodule;
				VALIDATE_PRODUCT = YES;
			};
			name = Release;
		};
		8D1EB36B2BAA29D800285053 /* Debug */ = {
			isa = XCBuildConfiguration;
			buildSettings = {
				ASSETCATALOG_COMPILER_APPICON_NAME = AppIcon;
				ASSETCATALOG_COMPILER_GLOBAL_ACCENT_COLOR_NAME = AccentColor;
				CODE_SIGN_ENTITLEMENTS = HealthyFoodRecipe.entitlements;
				CODE_SIGN_STYLE = Automatic;
				CURRENT_PROJECT_VERSION = 1;
				DEVELOPMENT_ASSET_PATHS = "\"HealthyFoodRecipe/Preview Content\"";
				DEVELOPMENT_TEAM = 4V4G78L69F;
				ENABLE_PREVIEWS = YES;
				GENERATE_INFOPLIST_FILE = YES;
				INFOPLIST_FILE = HealthyFoodRecipe/Info.plist;
				INFOPLIST_KEY_CFBundleDisplayName = "Dileknutrition Recipes";
				INFOPLIST_KEY_LSApplicationCategoryType = "public.app-category.food-and-drink";
				INFOPLIST_KEY_UIApplicationSceneManifest_Generation = YES;
				INFOPLIST_KEY_UIApplicationSupportsIndirectInputEvents = YES;
				INFOPLIST_KEY_UILaunchScreen_Generation = YES;
				INFOPLIST_KEY_UISupportedInterfaceOrientations = UIInterfaceOrientationPortrait;
				INFOPLIST_KEY_UISupportedInterfaceOrientations_iPad = "UIInterfaceOrientationLandscapeLeft UIInterfaceOrientationLandscapeRight UIInterfaceOrientationPortrait UIInterfaceOrientationPortraitUpsideDown";
				IPHONEOS_DEPLOYMENT_TARGET = 17.0;
				LD_RUNPATH_SEARCH_PATHS = (
					"$(inherited)",
					"@executable_path/Frameworks",
				);
				MARKETING_VERSION = 1.0;
				PRODUCT_BUNDLE_IDENTIFIER = com.ruzimetova.DileknutritionRecipes;
				PRODUCT_NAME = "$(TARGET_NAME)";
				SUPPORTED_PLATFORMS = "iphoneos iphonesimulator";
				SUPPORTS_MACCATALYST = NO;
				SUPPORTS_MAC_DESIGNED_FOR_IPHONE_IPAD = NO;
				SUPPORTS_XR_DESIGNED_FOR_IPHONE_IPAD = NO;
				SWIFT_EMIT_LOC_STRINGS = YES;
				SWIFT_VERSION = 5.0;
				TARGETED_DEVICE_FAMILY = 1;
			};
			name = Debug;
		};
		8D1EB36C2BAA29D800285053 /* Release */ = {
			isa = XCBuildConfiguration;
			buildSettings = {
				ASSETCATALOG_COMPILER_APPICON_NAME = AppIcon;
				ASSETCATALOG_COMPILER_GLOBAL_ACCENT_COLOR_NAME = AccentColor;
				CODE_SIGN_ENTITLEMENTS = HealthyFoodRecipe.entitlements;
				CODE_SIGN_STYLE = Automatic;
				CURRENT_PROJECT_VERSION = 1;
				DEVELOPMENT_ASSET_PATHS = "\"HealthyFoodRecipe/Preview Content\"";
				DEVELOPMENT_TEAM = 4V4G78L69F;
				ENABLE_PREVIEWS = YES;
				GENERATE_INFOPLIST_FILE = YES;
				INFOPLIST_FILE = HealthyFoodRecipe/Info.plist;
				INFOPLIST_KEY_CFBundleDisplayName = "Dileknutrition Recipes";
				INFOPLIST_KEY_LSApplicationCategoryType = "public.app-category.food-and-drink";
				INFOPLIST_KEY_UIApplicationSceneManifest_Generation = YES;
				INFOPLIST_KEY_UIApplicationSupportsIndirectInputEvents = YES;
				INFOPLIST_KEY_UILaunchScreen_Generation = YES;
				INFOPLIST_KEY_UISupportedInterfaceOrientations = UIInterfaceOrientationPortrait;
				INFOPLIST_KEY_UISupportedInterfaceOrientations_iPad = "UIInterfaceOrientationLandscapeLeft UIInterfaceOrientationLandscapeRight UIInterfaceOrientationPortrait UIInterfaceOrientationPortraitUpsideDown";
				IPHONEOS_DEPLOYMENT_TARGET = 17.0;
				LD_RUNPATH_SEARCH_PATHS = (
					"$(inherited)",
					"@executable_path/Frameworks",
				);
				MARKETING_VERSION = 1.0;
				PRODUCT_BUNDLE_IDENTIFIER = com.ruzimetova.DileknutritionRecipes;
				PRODUCT_NAME = "$(TARGET_NAME)";
				SUPPORTED_PLATFORMS = "iphoneos iphonesimulator";
				SUPPORTS_MACCATALYST = NO;
				SUPPORTS_MAC_DESIGNED_FOR_IPHONE_IPAD = NO;
				SUPPORTS_XR_DESIGNED_FOR_IPHONE_IPAD = NO;
				SWIFT_EMIT_LOC_STRINGS = YES;
				SWIFT_VERSION = 5.0;
				TARGETED_DEVICE_FAMILY = 1;
			};
			name = Release;
		};
		8DD1D7852D1465AC0042BF13 /* Debug */ = {
			isa = XCBuildConfiguration;
			buildSettings = {
				BUNDLE_LOADER = "$(TEST_HOST)";
				CODE_SIGN_STYLE = Automatic;
				CURRENT_PROJECT_VERSION = 1;
				DEVELOPMENT_TEAM = 4V4G78L69F;
				GENERATE_INFOPLIST_FILE = YES;
				IPHONEOS_DEPLOYMENT_TARGET = 18.2;
				MARKETING_VERSION = 1.0;
				PRODUCT_BUNDLE_IDENTIFIER = com.Ruzimetova.HealthyFoodRecipeTests;
				PRODUCT_NAME = "$(TARGET_NAME)";
				SWIFT_EMIT_LOC_STRINGS = NO;
				SWIFT_VERSION = 5.0;
				TARGETED_DEVICE_FAMILY = "1,2";
				TEST_HOST = "$(BUILT_PRODUCTS_DIR)/HealthyFoodRecipe.app/$(BUNDLE_EXECUTABLE_FOLDER_PATH)/HealthyFoodRecipe";
			};
			name = Debug;
		};
		8DD1D7862D1465AC0042BF13 /* Release */ = {
			isa = XCBuildConfiguration;
			buildSettings = {
				BUNDLE_LOADER = "$(TEST_HOST)";
				CODE_SIGN_STYLE = Automatic;
				CURRENT_PROJECT_VERSION = 1;
				DEVELOPMENT_TEAM = 4V4G78L69F;
				GENERATE_INFOPLIST_FILE = YES;
				IPHONEOS_DEPLOYMENT_TARGET = 18.2;
				MARKETING_VERSION = 1.0;
				PRODUCT_BUNDLE_IDENTIFIER = com.Ruzimetova.HealthyFoodRecipeTests;
				PRODUCT_NAME = "$(TARGET_NAME)";
				SWIFT_EMIT_LOC_STRINGS = NO;
				SWIFT_VERSION = 5.0;
				TARGETED_DEVICE_FAMILY = "1,2";
				TEST_HOST = "$(BUILT_PRODUCTS_DIR)/HealthyFoodRecipe.app/$(BUNDLE_EXECUTABLE_FOLDER_PATH)/HealthyFoodRecipe";
			};
			name = Release;
		};
/* End XCBuildConfiguration section */

/* Begin XCConfigurationList section */
		8D1EB3552BAA29D100285053 /* Build configuration list for PBXProject "HealthyFoodRecipe" */ = {
			isa = XCConfigurationList;
			buildConfigurations = (
				8D1EB3682BAA29D800285053 /* Debug */,
				8D1EB3692BAA29D800285053 /* Release */,
			);
			defaultConfigurationIsVisible = 0;
			defaultConfigurationName = Release;
		};
		8D1EB36A2BAA29D800285053 /* Build configuration list for PBXNativeTarget "HealthyFoodRecipe" */ = {
			isa = XCConfigurationList;
			buildConfigurations = (
				8D1EB36B2BAA29D800285053 /* Debug */,
				8D1EB36C2BAA29D800285053 /* Release */,
			);
			defaultConfigurationIsVisible = 0;
			defaultConfigurationName = Release;
		};
		8DD1D7842D1465AC0042BF13 /* Build configuration list for PBXNativeTarget "HealthyFoodRecipeTests" */ = {
			isa = XCConfigurationList;
			buildConfigurations = (
				8DD1D7852D1465AC0042BF13 /* Debug */,
				8DD1D7862D1465AC0042BF13 /* Release */,
			);
			defaultConfigurationIsVisible = 0;
			defaultConfigurationName = Release;
		};
/* End XCConfigurationList section */
	};
	rootObject = 8D1EB3522BAA29D100285053 /* Project object */;
}
